
Microsoft Visual Studio Solution File, Format Version 12.00
# Visual Studio 2013
VisualStudioVersion = 12.0.31101.0
MinimumVisualStudioVersion = 10.0.40219.1
Project("{FAE04EC0-301F-11D3-BF4B-00C04F79EFBC}") = "TestSolution.Protobuf", "TestSolution\TestSolution.Protobuf.csproj", "{B11E5CBD-C6AC-4426-903B-26DBF78872E6}"
EndProject
Project("{FAE04EC0-301F-11D3-BF4B-00C04F79EFBC}") = "TestSolution.Tests.Protobuf", "TestSolution.Protobuf.Tests\TestSolution.Tests.Protobuf.csproj", "{8F26B20B-510F-48A5-9E65-C4BF7158E8AD}"
EndProject
Project("{FAE04EC0-301F-11D3-BF4B-00C04F79EFBC}") = "TestSolution.Tests.Common", "Tests.Common\TestSolution.Tests.Common.csproj", "{A240A8A5-6C02-4E34-962E-F3E1A99F65AC}"
EndProject
Project("{2150E333-8FDC-42A3-9474-1A3956D46DE8}") = "Tests", "Tests", "{E456BF95-4113-4E1E-AE94-AAEE48AAD100}"
EndProject
Project("{2150E333-8FDC-42A3-9474-1A3956D46DE8}") = "Serialization", "Serialization", "{DB342F16-B9FC-4D14-A5F5-80440262329A}"
EndProject
Project("{2150E333-8FDC-42A3-9474-1A3956D46DE8}") = "Database", "Database", "{F37590FB-5B88-4BF5-A3E9-00C037ACA6F0}"
EndProject
Project("{FAE04EC0-301F-11D3-BF4B-00C04F79EFBC}") = "TestSolution.PostgreSQL", "TestSolution.PostgreSQL\TestSolution.PostgreSQL.csproj", "{7F853AD5-3B38-44AA-A9A7-6F726B111F5C}"
EndProject
Project("{FAE04EC0-301F-11D3-BF4B-00C04F79EFBC}") = "TestSolution.Tests.PostgreSQL", "Tests.PostgreSQL\TestSolution.Tests.PostgreSQL.csproj", "{F97B7EB7-F8F9-4F68-AF5A-189961E372B3}"
EndProject
Project("{FAE04EC0-301F-11D3-BF4B-00C04F79EFBC}") = "TestSolution.Common", "TestSolution.Common\TestSolution.Common.csproj", "{2EF48778-C3CD-4748-8EF5-9A6DF25D0EC9}"
EndProject
Project("{2150E333-8FDC-42A3-9474-1A3956D46DE8}") = "GPUAcceleration", "GPUAcceleration", "{5BE409CB-FBF5-46B7-B294-7838308A7E38}"
EndProject
Project("{FAE04EC0-301F-11D3-BF4B-00C04F79EFBC}") = "TestSolution.OpenCL", "TestSolution.OpenCL\TestSolution.OpenCL.csproj", "{14314766-D537-437A-BDC2-81CC5832600E}"
EndProject
Project("{FAE04EC0-301F-11D3-BF4B-00C04F79EFBC}") = "TestSolution.Cloo", "TestSolution.Cloo\TestSolution.Cloo.csproj", "{F91A84A1-26DC-4307-B1DD-410A92A700BA}"
EndProject
Project("{FAE04EC0-301F-11D3-BF4B-00C04F79EFBC}") = "TestSolution.Tests.Cloo", "TestSolution.Tests.Cloo\TestSolution.Tests.Cloo.csproj", "{8FCC3C04-B82B-46E9-9513-D7E1690E1394}"
EndProject
Project("{2150E333-8FDC-42A3-9474-1A3956D46DE8}") = "Web", "Web", "{4CB2AEC8-1EB9-4AAD-A77F-7C86325764C6}"
EndProject
Project("{FAE04EC0-301F-11D3-BF4B-00C04F79EFBC}") = "TestSolution.Ftp", "TestSolution.Ftp\TestSolution.Ftp.csproj", "{6706C8B8-DD82-48E7-9502-53EADF1F5222}"
EndProject
Project("{FAE04EC0-301F-11D3-BF4B-00C04F79EFBC}") = "TestSolution.Tests.Ftp", "TestSolution.Tests.Ftp\TestSolution.Tests.Ftp.csproj", "{2ECADA8C-2DF9-4E56-AF61-A29CE27CD0B4}"
EndProject
Project("{FAE04EC0-301F-11D3-BF4B-00C04F79EFBC}") = "DashboardApp", "DashboardApp\DashboardApp.csproj", "{CDEE148C-214F-4937-B212-6FC287349DFC}"
EndProject
Project("{2150E333-8FDC-42A3-9474-1A3956D46DE8}") = "Common", "Common", "{097E46E4-55C5-4846-AF1B-B8267A21E7B0}"
EndProject
Project("{2150E333-8FDC-42A3-9474-1A3956D46DE8}") = "DashboardApplication", "DashboardApplication", "{90765466-5061-46BD-A9B3-475EEB67AD31}"
EndProject
Project("{FAE04EC0-301F-11D3-BF4B-00C04F79EFBC}") = "TestSolution.Tests.Unity", "TestSolution.Tests.UnityContainer\TestSolution.Tests.Unity.csproj", "{6CEC2A3A-ED9D-42B1-AC93-7C504C8761CE}"
EndProject
Global
	GlobalSection(SolutionConfigurationPlatforms) = preSolution
		Debug|Any CPU = Debug|Any CPU
		Debug|x86 = Debug|x86
		Release|Any CPU = Release|Any CPU
		Release|x86 = Release|x86
	EndGlobalSection
	GlobalSection(ProjectConfigurationPlatforms) = postSolution
		{B11E5CBD-C6AC-4426-903B-26DBF78872E6}.Debug|Any CPU.ActiveCfg = Debug|Any CPU
		{B11E5CBD-C6AC-4426-903B-26DBF78872E6}.Debug|Any CPU.Build.0 = Debug|Any CPU
		{B11E5CBD-C6AC-4426-903B-26DBF78872E6}.Debug|x86.ActiveCfg = Debug|Any CPU
		{B11E5CBD-C6AC-4426-903B-26DBF78872E6}.Release|Any CPU.ActiveCfg = Release|Any CPU
		{B11E5CBD-C6AC-4426-903B-26DBF78872E6}.Release|Any CPU.Build.0 = Release|Any CPU
		{B11E5CBD-C6AC-4426-903B-26DBF78872E6}.Release|x86.ActiveCfg = Release|Any CPU
		{8F26B20B-510F-48A5-9E65-C4BF7158E8AD}.Debug|Any CPU.ActiveCfg = Debug|Any CPU
		{8F26B20B-510F-48A5-9E65-C4BF7158E8AD}.Debug|Any CPU.Build.0 = Debug|Any CPU
		{8F26B20B-510F-48A5-9E65-C4BF7158E8AD}.Debug|x86.ActiveCfg = Debug|Any CPU
		{8F26B20B-510F-48A5-9E65-C4BF7158E8AD}.Release|Any CPU.ActiveCfg = Release|Any CPU
		{8F26B20B-510F-48A5-9E65-C4BF7158E8AD}.Release|Any CPU.Build.0 = Release|Any CPU
		{8F26B20B-510F-48A5-9E65-C4BF7158E8AD}.Release|x86.ActiveCfg = Release|Any CPU
		{A240A8A5-6C02-4E34-962E-F3E1A99F65AC}.Debug|Any CPU.ActiveCfg = Debug|Any CPU
		{A240A8A5-6C02-4E34-962E-F3E1A99F65AC}.Debug|Any CPU.Build.0 = Debug|Any CPU
		{A240A8A5-6C02-4E34-962E-F3E1A99F65AC}.Debug|x86.ActiveCfg = Debug|Any CPU
		{A240A8A5-6C02-4E34-962E-F3E1A99F65AC}.Release|Any CPU.ActiveCfg = Release|Any CPU
		{A240A8A5-6C02-4E34-962E-F3E1A99F65AC}.Release|Any CPU.Build.0 = Release|Any CPU
		{A240A8A5-6C02-4E34-962E-F3E1A99F65AC}.Release|x86.ActiveCfg = Release|Any CPU
		{7F853AD5-3B38-44AA-A9A7-6F726B111F5C}.Debug|Any CPU.ActiveCfg = Debug|Any CPU
		{7F853AD5-3B38-44AA-A9A7-6F726B111F5C}.Debug|Any CPU.Build.0 = Debug|Any CPU
		{7F853AD5-3B38-44AA-A9A7-6F726B111F5C}.Debug|x86.ActiveCfg = Debug|Any CPU
		{7F853AD5-3B38-44AA-A9A7-6F726B111F5C}.Release|Any CPU.ActiveCfg = Release|Any CPU
		{7F853AD5-3B38-44AA-A9A7-6F726B111F5C}.Release|Any CPU.Build.0 = Release|Any CPU
		{7F853AD5-3B38-44AA-A9A7-6F726B111F5C}.Release|x86.ActiveCfg = Release|Any CPU
		{F97B7EB7-F8F9-4F68-AF5A-189961E372B3}.Debug|Any CPU.ActiveCfg = Debug|Any CPU
		{F97B7EB7-F8F9-4F68-AF5A-189961E372B3}.Debug|Any CPU.Build.0 = Debug|Any CPU
		{F97B7EB7-F8F9-4F68-AF5A-189961E372B3}.Debug|x86.ActiveCfg = Debug|Any CPU
		{F97B7EB7-F8F9-4F68-AF5A-189961E372B3}.Release|Any CPU.ActiveCfg = Release|Any CPU
		{F97B7EB7-F8F9-4F68-AF5A-189961E372B3}.Release|Any CPU.Build.0 = Release|Any CPU
		{F97B7EB7-F8F9-4F68-AF5A-189961E372B3}.Release|x86.ActiveCfg = Release|Any CPU
		{2EF48778-C3CD-4748-8EF5-9A6DF25D0EC9}.Debug|Any CPU.ActiveCfg = Debug|Any CPU
		{2EF48778-C3CD-4748-8EF5-9A6DF25D0EC9}.Debug|Any CPU.Build.0 = Debug|Any CPU
		{2EF48778-C3CD-4748-8EF5-9A6DF25D0EC9}.Debug|x86.ActiveCfg = Debug|Any CPU
		{2EF48778-C3CD-4748-8EF5-9A6DF25D0EC9}.Release|Any CPU.ActiveCfg = Release|Any CPU
		{2EF48778-C3CD-4748-8EF5-9A6DF25D0EC9}.Release|Any CPU.Build.0 = Release|Any CPU
		{2EF48778-C3CD-4748-8EF5-9A6DF25D0EC9}.Release|x86.ActiveCfg = Release|Any CPU
		{14314766-D537-437A-BDC2-81CC5832600E}.Debug|Any CPU.ActiveCfg = Debug|Any CPU
		{14314766-D537-437A-BDC2-81CC5832600E}.Debug|Any CPU.Build.0 = Debug|Any CPU
		{14314766-D537-437A-BDC2-81CC5832600E}.Debug|x86.ActiveCfg = Debug|Any CPU
		{14314766-D537-437A-BDC2-81CC5832600E}.Release|Any CPU.ActiveCfg = Release|Any CPU
		{14314766-D537-437A-BDC2-81CC5832600E}.Release|Any CPU.Build.0 = Release|Any CPU
		{14314766-D537-437A-BDC2-81CC5832600E}.Release|x86.ActiveCfg = Release|Any CPU
		{F91A84A1-26DC-4307-B1DD-410A92A700BA}.Debug|Any CPU.ActiveCfg = Debug|Any CPU
		{F91A84A1-26DC-4307-B1DD-410A92A700BA}.Debug|Any CPU.Build.0 = Debug|Any CPU
		{F91A84A1-26DC-4307-B1DD-410A92A700BA}.Debug|x86.ActiveCfg = Debug|Any CPU
		{F91A84A1-26DC-4307-B1DD-410A92A700BA}.Release|Any CPU.ActiveCfg = Release|Any CPU
		{F91A84A1-26DC-4307-B1DD-410A92A700BA}.Release|Any CPU.Build.0 = Release|Any CPU
		{F91A84A1-26DC-4307-B1DD-410A92A700BA}.Release|x86.ActiveCfg = Release|Any CPU
		{8FCC3C04-B82B-46E9-9513-D7E1690E1394}.Debug|Any CPU.ActiveCfg = Debug|Any CPU
		{8FCC3C04-B82B-46E9-9513-D7E1690E1394}.Debug|Any CPU.Build.0 = Debug|Any CPU
		{8FCC3C04-B82B-46E9-9513-D7E1690E1394}.Debug|x86.ActiveCfg = Debug|Any CPU
		{8FCC3C04-B82B-46E9-9513-D7E1690E1394}.Release|Any CPU.ActiveCfg = Release|Any CPU
		{8FCC3C04-B82B-46E9-9513-D7E1690E1394}.Release|Any CPU.Build.0 = Release|Any CPU
		{8FCC3C04-B82B-46E9-9513-D7E1690E1394}.Release|x86.ActiveCfg = Release|Any CPU
		{6706C8B8-DD82-48E7-9502-53EADF1F5222}.Debug|Any CPU.ActiveCfg = Debug|Any CPU
		{6706C8B8-DD82-48E7-9502-53EADF1F5222}.Debug|Any CPU.Build.0 = Debug|Any CPU
		{6706C8B8-DD82-48E7-9502-53EADF1F5222}.Debug|x86.ActiveCfg = Debug|Any CPU
		{6706C8B8-DD82-48E7-9502-53EADF1F5222}.Release|Any CPU.ActiveCfg = Release|Any CPU
		{6706C8B8-DD82-48E7-9502-53EADF1F5222}.Release|Any CPU.Build.0 = Release|Any CPU
		{6706C8B8-DD82-48E7-9502-53EADF1F5222}.Release|x86.ActiveCfg = Release|Any CPU
		{2ECADA8C-2DF9-4E56-AF61-A29CE27CD0B4}.Debug|Any CPU.ActiveCfg = Debug|Any CPU
		{2ECADA8C-2DF9-4E56-AF61-A29CE27CD0B4}.Debug|Any CPU.Build.0 = Debug|Any CPU
		{2ECADA8C-2DF9-4E56-AF61-A29CE27CD0B4}.Debug|x86.ActiveCfg = Debug|Any CPU
		{2ECADA8C-2DF9-4E56-AF61-A29CE27CD0B4}.Release|Any CPU.ActiveCfg = Release|Any CPU
		{2ECADA8C-2DF9-4E56-AF61-A29CE27CD0B4}.Release|Any CPU.Build.0 = Release|Any CPU
		{2ECADA8C-2DF9-4E56-AF61-A29CE27CD0B4}.Release|x86.ActiveCfg = Release|Any CPU
		{CDEE148C-214F-4937-B212-6FC287349DFC}.Debug|Any CPU.ActiveCfg = Debug|Any CPU
		{CDEE148C-214F-4937-B212-6FC287349DFC}.Debug|Any CPU.Build.0 = Debug|Any CPU
		{CDEE148C-214F-4937-B212-6FC287349DFC}.Debug|x86.ActiveCfg = Debug|Any CPU
		{CDEE148C-214F-4937-B212-6FC287349DFC}.Release|Any CPU.ActiveCfg = Release|Any CPU
		{CDEE148C-214F-4937-B212-6FC287349DFC}.Release|Any CPU.Build.0 = Release|Any CPU
		{CDEE148C-214F-4937-B212-6FC287349DFC}.Release|x86.ActiveCfg = Release|Any CPU
		{6CEC2A3A-ED9D-42B1-AC93-7C504C8761CE}.Debug|Any CPU.ActiveCfg = Debug|Any CPU
		{6CEC2A3A-ED9D-42B1-AC93-7C504C8761CE}.Debug|Any CPU.Build.0 = Debug|Any CPU
		{6CEC2A3A-ED9D-42B1-AC93-7C504C8761CE}.Debug|x86.ActiveCfg = Debug|Any CPU
		{6CEC2A3A-ED9D-42B1-AC93-7C504C8761CE}.Release|Any CPU.ActiveCfg = Release|Any CPU
		{6CEC2A3A-ED9D-42B1-AC93-7C504C8761CE}.Release|Any CPU.Build.0 = Release|Any CPU
		{6CEC2A3A-ED9D-42B1-AC93-7C504C8761CE}.Release|x86.ActiveCfg = Release|Any CPU
	EndGlobalSection
	GlobalSection(SolutionProperties) = preSolution
		HideSolutionNode = FALSE
	EndGlobalSection
	GlobalSection(NestedProjects) = preSolution
		{B11E5CBD-C6AC-4426-903B-26DBF78872E6} = {DB342F16-B9FC-4D14-A5F5-80440262329A}
		{8F26B20B-510F-48A5-9E65-C4BF7158E8AD} = {E456BF95-4113-4E1E-AE94-AAEE48AAD100}
		{A240A8A5-6C02-4E34-962E-F3E1A99F65AC} = {E456BF95-4113-4E1E-AE94-AAEE48AAD100}
		{7F853AD5-3B38-44AA-A9A7-6F726B111F5C} = {F37590FB-5B88-4BF5-A3E9-00C037ACA6F0}
		{F97B7EB7-F8F9-4F68-AF5A-189961E372B3} = {E456BF95-4113-4E1E-AE94-AAEE48AAD100}
		{2EF48778-C3CD-4748-8EF5-9A6DF25D0EC9} = {097E46E4-55C5-4846-AF1B-B8267A21E7B0}
		{14314766-D537-437A-BDC2-81CC5832600E} = {5BE409CB-FBF5-46B7-B294-7838308A7E38}
		{F91A84A1-26DC-4307-B1DD-410A92A700BA} = {5BE409CB-FBF5-46B7-B294-7838308A7E38}
		{8FCC3C04-B82B-46E9-9513-D7E1690E1394} = {E456BF95-4113-4E1E-AE94-AAEE48AAD100}
		{6706C8B8-DD82-48E7-9502-53EADF1F5222} = {4CB2AEC8-1EB9-4AAD-A77F-7C86325764C6}
		{2ECADA8C-2DF9-4E56-AF61-A29CE27CD0B4} = {E456BF95-4113-4E1E-AE94-AAEE48AAD100}
		{CDEE148C-214F-4937-B212-6FC287349DFC} = {90765466-5061-46BD-A9B3-475EEB67AD31}
		{6CEC2A3A-ED9D-42B1-AC93-7C504C8761CE} = {E456BF95-4113-4E1E-AE94-AAEE48AAD100}
	EndGlobalSection
EndGlobal
