
Microsoft Visual Studio Solution File, Format Version 12.00
# Visual Studio 2013
VisualStudioVersion = 12.0.31101.0
MinimumVisualStudioVersion = 10.0.40219.1
Project("{2150E333-8FDC-42A3-9474-1A3956D46DE8}") = "Tests", "Tests", "{E456BF95-4113-4E1E-AE94-AAEE48AAD100}"
EndProject
Project("{2150E333-8FDC-42A3-9474-1A3956D46DE8}") = "Serialization", "Serialization", "{DB342F16-B9FC-4D14-A5F5-80440262329A}"
EndProject
Project("{2150E333-8FDC-42A3-9474-1A3956D46DE8}") = "Database", "Database", "{F37590FB-5B88-4BF5-A3E9-00C037ACA6F0}"
EndProject
Project("{2150E333-8FDC-42A3-9474-1A3956D46DE8}") = "GPUAcceleration", "GPUAcceleration", "{5BE409CB-FBF5-46B7-B294-7838308A7E38}"
EndProject
Project("{2150E333-8FDC-42A3-9474-1A3956D46DE8}") = "Web", "Web", "{4CB2AEC8-1EB9-4AAD-A77F-7C86325764C6}"
EndProject
Project("{2150E333-8FDC-42A3-9474-1A3956D46DE8}") = "Common", "Common", "{097E46E4-55C5-4846-AF1B-B8267A21E7B0}"
EndProject
Project("{FAE04EC0-301F-11D3-BF4B-00C04F79EFBC}") = "TestSolution.Common", "Common\TestSolution.Common\TestSolution.Common.csproj", "{2EF48778-C3CD-4748-8EF5-9A6DF25D0EC9}"
EndProject
Project("{FAE04EC0-301F-11D3-BF4B-00C04F79EFBC}") = "TestSolution.PostgreSQL", "Database\TestSolution.PostgreSQL\TestSolution.PostgreSQL.csproj", "{7F853AD5-3B38-44AA-A9A7-6F726B111F5C}"
EndProject
Project("{FAE04EC0-301F-11D3-BF4B-00C04F79EFBC}") = "TestSolution.SQLServer", "Database\TestSolution.SQLServer\TestSolution.SQLServer.csproj", "{2DEA7FB4-40F2-417E-9C15-632353D40855}"
EndProject
Project("{2150E333-8FDC-42A3-9474-1A3956D46DE8}") = "Apps", "Apps", "{0B3609EE-7558-44AE-9D0B-92590076D185}"
EndProject
Project("{2150E333-8FDC-42A3-9474-1A3956D46DE8}") = "DashboardApplication", "DashboardApplication", "{86B2CA13-C98A-4289-A4F4-822294380EB8}"
EndProject
Project("{FAE04EC0-301F-11D3-BF4B-00C04F79EFBC}") = "DashboardApp.BLL", "Apps\DashboardApplication\DashboardApp.BLL\DashboardApp.BLL.csproj", "{65A84802-048D-4CB6-87A5-63CD3EF4B4B3}"
EndProject
Project("{FAE04EC0-301F-11D3-BF4B-00C04F79EFBC}") = "DashboardApp.Common", "Apps\DashboardApplication\DashboardApp.Common\DashboardApp.Common.csproj", "{C83065D8-9C84-447A-9B01-40E6740E0513}"
EndProject
Project("{FAE04EC0-301F-11D3-BF4B-00C04F79EFBC}") = "DashboardApp.DAL", "Apps\DashboardApplication\DashboardApp.DAL\DashboardApp.DAL.csproj", "{DEC23099-2C36-46E3-9C04-F16001A2E1E6}"
EndProject
Project("{FAE04EC0-301F-11D3-BF4B-00C04F79EFBC}") = "TestSolution.Tests.Cloo", "Tests\TestSolution.Tests.Cloo\TestSolution.Tests.Cloo.csproj", "{8FCC3C04-B82B-46E9-9513-D7E1690E1394}"
EndProject
Project("{FAE04EC0-301F-11D3-BF4B-00C04F79EFBC}") = "TestSolution.Tests.Ftp", "Tests\TestSolution.Tests.Ftp\TestSolution.Tests.Ftp.csproj", "{2ECADA8C-2DF9-4E56-AF61-A29CE27CD0B4}"
EndProject
Project("{FAE04EC0-301F-11D3-BF4B-00C04F79EFBC}") = "TestSolution.Tests.Unity", "Tests\TestSolution.Tests.UnityContainer\TestSolution.Tests.Unity.csproj", "{6CEC2A3A-ED9D-42B1-AC93-7C504C8761CE}"
EndProject
Project("{FAE04EC0-301F-11D3-BF4B-00C04F79EFBC}") = "TestSolution.AcceleratingQueriesUsingGPU", "Apps\AcceleratingQueriesUsingGPU\TestSolution.AcceleratingQueriesUsingGPU.csproj", "{11ABC39B-0731-494B-B3B2-9EFF13EFA041}"
EndProject
Project("{FAE04EC0-301F-11D3-BF4B-00C04F79EFBC}") = "TestSolution.Tests.Common", "Tests\TestSolution.Tests.Common\TestSolution.Tests.Common.csproj", "{A240A8A5-6C02-4E34-962E-F3E1A99F65AC}"
EndProject
Project("{FAE04EC0-301F-11D3-BF4B-00C04F79EFBC}") = "TestSolution.Tests.PostgreSQL", "Tests\TestSolution.Tests.PostgreSQL\TestSolution.Tests.PostgreSQL.csproj", "{F97B7EB7-F8F9-4F68-AF5A-189961E372B3}"
EndProject
Project("{FAE04EC0-301F-11D3-BF4B-00C04F79EFBC}") = "TestSolution.Tests.Protobuf", "Tests\TestSolution.Tests.Protobuf\TestSolution.Tests.Protobuf.csproj", "{8F26B20B-510F-48A5-9E65-C4BF7158E8AD}"
EndProject
Project("{FAE04EC0-301F-11D3-BF4B-00C04F79EFBC}") = "TestSolution.Web.Ftp", "Web\TestSolution.Web.Ftp\TestSolution.Web.Ftp.csproj", "{6706C8B8-DD82-48E7-9502-53EADF1F5222}"
EndProject
Project("{FAE04EC0-301F-11D3-BF4B-00C04F79EFBC}") = "TestSolution.Serialization.Protobuf", "Serialization\TestSolution.Serialization.Protobuf\TestSolution.Serialization.Protobuf.csproj", "{B11E5CBD-C6AC-4426-903B-26DBF78872E6}"
EndProject
Project("{FAE04EC0-301F-11D3-BF4B-00C04F79EFBC}") = "TestSolution.GPUAcceleration.Cloo", "GPUAcceleration\TestSolution.GPUAcceleration.Cloo\TestSolution.GPUAcceleration.Cloo.csproj", "{F91A84A1-26DC-4307-B1DD-410A92A700BA}"
EndProject
Project("{FAE04EC0-301F-11D3-BF4B-00C04F79EFBC}") = "DashboardApp.OwinSelfHost", "Apps\DashboardApplication\DashboardApp.OwinSelfHost\DashboardApp.OwinSelfHost.csproj", "{F5E97EEB-D1EE-4C27-842B-08F689593468}"
EndProject
Project("{FAE04EC0-301F-11D3-BF4B-00C04F79EFBC}") = "DashboardApp.Controllers", "Apps\DashboardApplication\DashboardApp.Controllers\DashboardApp.Controllers.csproj", "{5AA382DC-BEC7-4A85-A7A7-A00B9FD05B51}"
EndProject
Project("{FAE04EC0-301F-11D3-BF4B-00C04F79EFBC}") = "DaashboardApp.WebApiSelfHost", "Apps\DashboardApplication\DaashboardApp.WebApiSelfHost\DaashboardApp.WebApiSelfHost.csproj", "{DA73458D-2133-4A8E-899A-D3F090268068}"
EndProject
Global
	GlobalSection(SolutionConfigurationPlatforms) = preSolution
		Debug|Any CPU = Debug|Any CPU
		Debug|x86 = Debug|x86
		Release|Any CPU = Release|Any CPU
		Release|x86 = Release|x86
	EndGlobalSection
	GlobalSection(ProjectConfigurationPlatforms) = postSolution
		{2EF48778-C3CD-4748-8EF5-9A6DF25D0EC9}.Debug|Any CPU.ActiveCfg = Debug|Any CPU
		{2EF48778-C3CD-4748-8EF5-9A6DF25D0EC9}.Debug|Any CPU.Build.0 = Debug|Any CPU
		{2EF48778-C3CD-4748-8EF5-9A6DF25D0EC9}.Debug|x86.ActiveCfg = Debug|Any CPU
		{2EF48778-C3CD-4748-8EF5-9A6DF25D0EC9}.Release|Any CPU.ActiveCfg = Release|Any CPU
		{2EF48778-C3CD-4748-8EF5-9A6DF25D0EC9}.Release|Any CPU.Build.0 = Release|Any CPU
		{2EF48778-C3CD-4748-8EF5-9A6DF25D0EC9}.Release|x86.ActiveCfg = Release|Any CPU
		{7F853AD5-3B38-44AA-A9A7-6F726B111F5C}.Debug|Any CPU.ActiveCfg = Debug|Any CPU
		{7F853AD5-3B38-44AA-A9A7-6F726B111F5C}.Debug|Any CPU.Build.0 = Debug|Any CPU
		{7F853AD5-3B38-44AA-A9A7-6F726B111F5C}.Debug|x86.ActiveCfg = Debug|Any CPU
		{7F853AD5-3B38-44AA-A9A7-6F726B111F5C}.Release|Any CPU.ActiveCfg = Release|Any CPU
		{7F853AD5-3B38-44AA-A9A7-6F726B111F5C}.Release|Any CPU.Build.0 = Release|Any CPU
		{7F853AD5-3B38-44AA-A9A7-6F726B111F5C}.Release|x86.ActiveCfg = Release|Any CPU
		{2DEA7FB4-40F2-417E-9C15-632353D40855}.Debug|Any CPU.ActiveCfg = Debug|Any CPU
		{2DEA7FB4-40F2-417E-9C15-632353D40855}.Debug|Any CPU.Build.0 = Debug|Any CPU
		{2DEA7FB4-40F2-417E-9C15-632353D40855}.Debug|x86.ActiveCfg = Debug|Any CPU
		{2DEA7FB4-40F2-417E-9C15-632353D40855}.Release|Any CPU.ActiveCfg = Release|Any CPU
		{2DEA7FB4-40F2-417E-9C15-632353D40855}.Release|Any CPU.Build.0 = Release|Any CPU
		{2DEA7FB4-40F2-417E-9C15-632353D40855}.Release|x86.ActiveCfg = Release|Any CPU
		{65A84802-048D-4CB6-87A5-63CD3EF4B4B3}.Debug|Any CPU.ActiveCfg = Debug|Any CPU
		{65A84802-048D-4CB6-87A5-63CD3EF4B4B3}.Debug|Any CPU.Build.0 = Debug|Any CPU
		{65A84802-048D-4CB6-87A5-63CD3EF4B4B3}.Debug|x86.ActiveCfg = Debug|Any CPU
		{65A84802-048D-4CB6-87A5-63CD3EF4B4B3}.Release|Any CPU.ActiveCfg = Release|Any CPU
		{65A84802-048D-4CB6-87A5-63CD3EF4B4B3}.Release|Any CPU.Build.0 = Release|Any CPU
		{65A84802-048D-4CB6-87A5-63CD3EF4B4B3}.Release|x86.ActiveCfg = Release|Any CPU
		{C83065D8-9C84-447A-9B01-40E6740E0513}.Debug|Any CPU.ActiveCfg = Debug|Any CPU
		{C83065D8-9C84-447A-9B01-40E6740E0513}.Debug|Any CPU.Build.0 = Debug|Any CPU
		{C83065D8-9C84-447A-9B01-40E6740E0513}.Debug|x86.ActiveCfg = Debug|Any CPU
		{C83065D8-9C84-447A-9B01-40E6740E0513}.Release|Any CPU.ActiveCfg = Release|Any CPU
		{C83065D8-9C84-447A-9B01-40E6740E0513}.Release|Any CPU.Build.0 = Release|Any CPU
		{C83065D8-9C84-447A-9B01-40E6740E0513}.Release|x86.ActiveCfg = Release|Any CPU
		{DEC23099-2C36-46E3-9C04-F16001A2E1E6}.Debug|Any CPU.ActiveCfg = Debug|Any CPU
		{DEC23099-2C36-46E3-9C04-F16001A2E1E6}.Debug|Any CPU.Build.0 = Debug|Any CPU
		{DEC23099-2C36-46E3-9C04-F16001A2E1E6}.Debug|x86.ActiveCfg = Debug|Any CPU
		{DEC23099-2C36-46E3-9C04-F16001A2E1E6}.Release|Any CPU.ActiveCfg = Release|Any CPU
		{DEC23099-2C36-46E3-9C04-F16001A2E1E6}.Release|Any CPU.Build.0 = Release|Any CPU
		{DEC23099-2C36-46E3-9C04-F16001A2E1E6}.Release|x86.ActiveCfg = Release|Any CPU
		{8FCC3C04-B82B-46E9-9513-D7E1690E1394}.Debug|Any CPU.ActiveCfg = Debug|Any CPU
		{8FCC3C04-B82B-46E9-9513-D7E1690E1394}.Debug|Any CPU.Build.0 = Debug|Any CPU
		{8FCC3C04-B82B-46E9-9513-D7E1690E1394}.Debug|x86.ActiveCfg = Debug|Any CPU
		{8FCC3C04-B82B-46E9-9513-D7E1690E1394}.Release|Any CPU.ActiveCfg = Release|Any CPU
		{8FCC3C04-B82B-46E9-9513-D7E1690E1394}.Release|Any CPU.Build.0 = Release|Any CPU
		{8FCC3C04-B82B-46E9-9513-D7E1690E1394}.Release|x86.ActiveCfg = Release|Any CPU
		{2ECADA8C-2DF9-4E56-AF61-A29CE27CD0B4}.Debug|Any CPU.ActiveCfg = Debug|Any CPU
		{2ECADA8C-2DF9-4E56-AF61-A29CE27CD0B4}.Debug|Any CPU.Build.0 = Debug|Any CPU
		{2ECADA8C-2DF9-4E56-AF61-A29CE27CD0B4}.Debug|x86.ActiveCfg = Debug|Any CPU
		{2ECADA8C-2DF9-4E56-AF61-A29CE27CD0B4}.Release|Any CPU.ActiveCfg = Release|Any CPU
		{2ECADA8C-2DF9-4E56-AF61-A29CE27CD0B4}.Release|Any CPU.Build.0 = Release|Any CPU
		{2ECADA8C-2DF9-4E56-AF61-A29CE27CD0B4}.Release|x86.ActiveCfg = Release|Any CPU
		{6CEC2A3A-ED9D-42B1-AC93-7C504C8761CE}.Debug|Any CPU.ActiveCfg = Debug|Any CPU
		{6CEC2A3A-ED9D-42B1-AC93-7C504C8761CE}.Debug|Any CPU.Build.0 = Debug|Any CPU
		{6CEC2A3A-ED9D-42B1-AC93-7C504C8761CE}.Debug|x86.ActiveCfg = Debug|Any CPU
		{6CEC2A3A-ED9D-42B1-AC93-7C504C8761CE}.Release|Any CPU.ActiveCfg = Release|Any CPU
		{6CEC2A3A-ED9D-42B1-AC93-7C504C8761CE}.Release|Any CPU.Build.0 = Release|Any CPU
		{6CEC2A3A-ED9D-42B1-AC93-7C504C8761CE}.Release|x86.ActiveCfg = Release|Any CPU
		{11ABC39B-0731-494B-B3B2-9EFF13EFA041}.Debug|Any CPU.ActiveCfg = Debug|Any CPU
		{11ABC39B-0731-494B-B3B2-9EFF13EFA041}.Debug|Any CPU.Build.0 = Debug|Any CPU
		{11ABC39B-0731-494B-B3B2-9EFF13EFA041}.Debug|x86.ActiveCfg = Debug|x86
		{11ABC39B-0731-494B-B3B2-9EFF13EFA041}.Debug|x86.Build.0 = Debug|x86
		{11ABC39B-0731-494B-B3B2-9EFF13EFA041}.Release|Any CPU.ActiveCfg = Release|Any CPU
		{11ABC39B-0731-494B-B3B2-9EFF13EFA041}.Release|Any CPU.Build.0 = Release|Any CPU
		{11ABC39B-0731-494B-B3B2-9EFF13EFA041}.Release|x86.ActiveCfg = Release|x86
		{11ABC39B-0731-494B-B3B2-9EFF13EFA041}.Release|x86.Build.0 = Release|x86
		{A240A8A5-6C02-4E34-962E-F3E1A99F65AC}.Debug|Any CPU.ActiveCfg = Debug|Any CPU
		{A240A8A5-6C02-4E34-962E-F3E1A99F65AC}.Debug|Any CPU.Build.0 = Debug|Any CPU
		{A240A8A5-6C02-4E34-962E-F3E1A99F65AC}.Debug|x86.ActiveCfg = Debug|Any CPU
		{A240A8A5-6C02-4E34-962E-F3E1A99F65AC}.Release|Any CPU.ActiveCfg = Release|Any CPU
		{A240A8A5-6C02-4E34-962E-F3E1A99F65AC}.Release|Any CPU.Build.0 = Release|Any CPU
		{A240A8A5-6C02-4E34-962E-F3E1A99F65AC}.Release|x86.ActiveCfg = Release|Any CPU
		{F97B7EB7-F8F9-4F68-AF5A-189961E372B3}.Debug|Any CPU.ActiveCfg = Debug|Any CPU
		{F97B7EB7-F8F9-4F68-AF5A-189961E372B3}.Debug|Any CPU.Build.0 = Debug|Any CPU
		{F97B7EB7-F8F9-4F68-AF5A-189961E372B3}.Debug|x86.ActiveCfg = Debug|Any CPU
		{F97B7EB7-F8F9-4F68-AF5A-189961E372B3}.Release|Any CPU.ActiveCfg = Release|Any CPU
		{F97B7EB7-F8F9-4F68-AF5A-189961E372B3}.Release|Any CPU.Build.0 = Release|Any CPU
		{F97B7EB7-F8F9-4F68-AF5A-189961E372B3}.Release|x86.ActiveCfg = Release|Any CPU
		{8F26B20B-510F-48A5-9E65-C4BF7158E8AD}.Debug|Any CPU.ActiveCfg = Debug|Any CPU
		{8F26B20B-510F-48A5-9E65-C4BF7158E8AD}.Debug|Any CPU.Build.0 = Debug|Any CPU
		{8F26B20B-510F-48A5-9E65-C4BF7158E8AD}.Debug|x86.ActiveCfg = Debug|Any CPU
		{8F26B20B-510F-48A5-9E65-C4BF7158E8AD}.Release|Any CPU.ActiveCfg = Release|Any CPU
		{8F26B20B-510F-48A5-9E65-C4BF7158E8AD}.Release|Any CPU.Build.0 = Release|Any CPU
		{8F26B20B-510F-48A5-9E65-C4BF7158E8AD}.Release|x86.ActiveCfg = Release|Any CPU
		{6706C8B8-DD82-48E7-9502-53EADF1F5222}.Debug|Any CPU.ActiveCfg = Debug|Any CPU
		{6706C8B8-DD82-48E7-9502-53EADF1F5222}.Debug|Any CPU.Build.0 = Debug|Any CPU
		{6706C8B8-DD82-48E7-9502-53EADF1F5222}.Debug|x86.ActiveCfg = Debug|Any CPU
		{6706C8B8-DD82-48E7-9502-53EADF1F5222}.Release|Any CPU.ActiveCfg = Release|Any CPU
		{6706C8B8-DD82-48E7-9502-53EADF1F5222}.Release|Any CPU.Build.0 = Release|Any CPU
		{6706C8B8-DD82-48E7-9502-53EADF1F5222}.Release|x86.ActiveCfg = Release|Any CPU
		{B11E5CBD-C6AC-4426-903B-26DBF78872E6}.Debug|Any CPU.ActiveCfg = Debug|Any CPU
		{B11E5CBD-C6AC-4426-903B-26DBF78872E6}.Debug|Any CPU.Build.0 = Debug|Any CPU
		{B11E5CBD-C6AC-4426-903B-26DBF78872E6}.Debug|x86.ActiveCfg = Debug|Any CPU
		{B11E5CBD-C6AC-4426-903B-26DBF78872E6}.Release|Any CPU.ActiveCfg = Release|Any CPU
		{B11E5CBD-C6AC-4426-903B-26DBF78872E6}.Release|Any CPU.Build.0 = Release|Any CPU
		{B11E5CBD-C6AC-4426-903B-26DBF78872E6}.Release|x86.ActiveCfg = Release|Any CPU
		{F91A84A1-26DC-4307-B1DD-410A92A700BA}.Debug|Any CPU.ActiveCfg = Debug|Any CPU
		{F91A84A1-26DC-4307-B1DD-410A92A700BA}.Debug|Any CPU.Build.0 = Debug|Any CPU
		{F91A84A1-26DC-4307-B1DD-410A92A700BA}.Debug|x86.ActiveCfg = Debug|Any CPU
		{F91A84A1-26DC-4307-B1DD-410A92A700BA}.Release|Any CPU.ActiveCfg = Release|Any CPU
		{F91A84A1-26DC-4307-B1DD-410A92A700BA}.Release|Any CPU.Build.0 = Release|Any CPU
		{F91A84A1-26DC-4307-B1DD-410A92A700BA}.Release|x86.ActiveCfg = Release|Any CPU
		{F5E97EEB-D1EE-4C27-842B-08F689593468}.Debug|Any CPU.ActiveCfg = Debug|Any CPU
		{F5E97EEB-D1EE-4C27-842B-08F689593468}.Debug|Any CPU.Build.0 = Debug|Any CPU
		{F5E97EEB-D1EE-4C27-842B-08F689593468}.Debug|x86.ActiveCfg = Debug|Any CPU
		{F5E97EEB-D1EE-4C27-842B-08F689593468}.Release|Any CPU.ActiveCfg = Release|Any CPU
		{F5E97EEB-D1EE-4C27-842B-08F689593468}.Release|Any CPU.Build.0 = Release|Any CPU
		{F5E97EEB-D1EE-4C27-842B-08F689593468}.Release|x86.ActiveCfg = Release|Any CPU
		{5AA382DC-BEC7-4A85-A7A7-A00B9FD05B51}.Debug|Any CPU.ActiveCfg = Debug|Any CPU
		{5AA382DC-BEC7-4A85-A7A7-A00B9FD05B51}.Debug|Any CPU.Build.0 = Debug|Any CPU
		{5AA382DC-BEC7-4A85-A7A7-A00B9FD05B51}.Debug|x86.ActiveCfg = Debug|Any CPU
		{5AA382DC-BEC7-4A85-A7A7-A00B9FD05B51}.Release|Any CPU.ActiveCfg = Release|Any CPU
		{5AA382DC-BEC7-4A85-A7A7-A00B9FD05B51}.Release|Any CPU.Build.0 = Release|Any CPU
		{5AA382DC-BEC7-4A85-A7A7-A00B9FD05B51}.Release|x86.ActiveCfg = Release|Any CPU
		{DA73458D-2133-4A8E-899A-D3F090268068}.Debug|Any CPU.ActiveCfg = Debug|Any CPU
		{DA73458D-2133-4A8E-899A-D3F090268068}.Debug|Any CPU.Build.0 = Debug|Any CPU
		{DA73458D-2133-4A8E-899A-D3F090268068}.Debug|x86.ActiveCfg = Debug|Any CPU
		{DA73458D-2133-4A8E-899A-D3F090268068}.Release|Any CPU.ActiveCfg = Release|Any CPU
		{DA73458D-2133-4A8E-899A-D3F090268068}.Release|Any CPU.Build.0 = Release|Any CPU
		{DA73458D-2133-4A8E-899A-D3F090268068}.Release|x86.ActiveCfg = Release|Any CPU
	EndGlobalSection
	GlobalSection(SolutionProperties) = preSolution
		HideSolutionNode = FALSE
	EndGlobalSection
	GlobalSection(NestedProjects) = preSolution
		{2EF48778-C3CD-4748-8EF5-9A6DF25D0EC9} = {097E46E4-55C5-4846-AF1B-B8267A21E7B0}
		{7F853AD5-3B38-44AA-A9A7-6F726B111F5C} = {F37590FB-5B88-4BF5-A3E9-00C037ACA6F0}
		{2DEA7FB4-40F2-417E-9C15-632353D40855} = {F37590FB-5B88-4BF5-A3E9-00C037ACA6F0}
		{86B2CA13-C98A-4289-A4F4-822294380EB8} = {0B3609EE-7558-44AE-9D0B-92590076D185}
		{65A84802-048D-4CB6-87A5-63CD3EF4B4B3} = {86B2CA13-C98A-4289-A4F4-822294380EB8}
		{C83065D8-9C84-447A-9B01-40E6740E0513} = {86B2CA13-C98A-4289-A4F4-822294380EB8}
		{DEC23099-2C36-46E3-9C04-F16001A2E1E6} = {86B2CA13-C98A-4289-A4F4-822294380EB8}
		{8FCC3C04-B82B-46E9-9513-D7E1690E1394} = {E456BF95-4113-4E1E-AE94-AAEE48AAD100}
		{2ECADA8C-2DF9-4E56-AF61-A29CE27CD0B4} = {E456BF95-4113-4E1E-AE94-AAEE48AAD100}
		{6CEC2A3A-ED9D-42B1-AC93-7C504C8761CE} = {E456BF95-4113-4E1E-AE94-AAEE48AAD100}
		{11ABC39B-0731-494B-B3B2-9EFF13EFA041} = {0B3609EE-7558-44AE-9D0B-92590076D185}
		{A240A8A5-6C02-4E34-962E-F3E1A99F65AC} = {E456BF95-4113-4E1E-AE94-AAEE48AAD100}
		{F97B7EB7-F8F9-4F68-AF5A-189961E372B3} = {E456BF95-4113-4E1E-AE94-AAEE48AAD100}
		{8F26B20B-510F-48A5-9E65-C4BF7158E8AD} = {E456BF95-4113-4E1E-AE94-AAEE48AAD100}
		{6706C8B8-DD82-48E7-9502-53EADF1F5222} = {4CB2AEC8-1EB9-4AAD-A77F-7C86325764C6}
		{B11E5CBD-C6AC-4426-903B-26DBF78872E6} = {DB342F16-B9FC-4D14-A5F5-80440262329A}
		{F91A84A1-26DC-4307-B1DD-410A92A700BA} = {5BE409CB-FBF5-46B7-B294-7838308A7E38}
		{F5E97EEB-D1EE-4C27-842B-08F689593468} = {86B2CA13-C98A-4289-A4F4-822294380EB8}
		{5AA382DC-BEC7-4A85-A7A7-A00B9FD05B51} = {86B2CA13-C98A-4289-A4F4-822294380EB8}
		{DA73458D-2133-4A8E-899A-D3F090268068} = {86B2CA13-C98A-4289-A4F4-822294380EB8}
	EndGlobalSection
EndGlobal
